
Microsoft Visual Studio Solution File, Format Version 12.00
# Visual Studio 15
VisualStudioVersion = 15.0.27428.2015
MinimumVisualStudioVersion = 10.0.40219.1
Project("{FAE04EC0-301F-11D3-BF4B-00C04F79EFBC}") = "Pari.Api", "Pari.Api\Pari.Api.csproj", "{2A60DA54-060A-48B9-8D93-26C8549A856F}"
EndProject
Project("{FAE04EC0-301F-11D3-BF4B-00C04F79EFBC}") = "Paari.Entietes", "Paari.Entietes\Paari.Entietes.csproj", "{1B474739-EAEA-466A-B099-F28D0C1D10F7}"
EndProject
Project("{FAE04EC0-301F-11D3-BF4B-00C04F79EFBC}") = "Paari.Data", "Paari.Data\Paari.Data.csproj", "{5A7514E2-D0D0-4274-9205-06360D4E67B6}"
EndProject
Project("{FAE04EC0-301F-11D3-BF4B-00C04F79EFBC}") = "Common", "Common\Common.csproj", "{AF4F0418-B1B5-4597-91EE-701BCC39DAEB}"
EndProject
Project("{FAE04EC0-301F-11D3-BF4B-00C04F79EFBC}") = "Paari.Data.Tests", "Paari.Data.Tests\Paari.Data.Tests.csproj", "{BDFA4349-8FF7-4D1C-B806-B07E3A482418}"
EndProject
Global
	GlobalSection(SolutionConfigurationPlatforms) = preSolution
		Debug|Any CPU = Debug|Any CPU
		Release|Any CPU = Release|Any CPU
	EndGlobalSection
	GlobalSection(ProjectConfigurationPlatforms) = postSolution
		{2A60DA54-060A-48B9-8D93-26C8549A856F}.Debug|Any CPU.ActiveCfg = Debug|Any CPU
		{2A60DA54-060A-48B9-8D93-26C8549A856F}.Debug|Any CPU.Build.0 = Debug|Any CPU
		{2A60DA54-060A-48B9-8D93-26C8549A856F}.Release|Any CPU.ActiveCfg = Release|Any CPU
		{2A60DA54-060A-48B9-8D93-26C8549A856F}.Release|Any CPU.Build.0 = Release|Any CPU
		{1B474739-EAEA-466A-B099-F28D0C1D10F7}.Debug|Any CPU.ActiveCfg = Debug|Any CPU
		{1B474739-EAEA-466A-B099-F28D0C1D10F7}.Debug|Any CPU.Build.0 = Debug|Any CPU
		{1B474739-EAEA-466A-B099-F28D0C1D10F7}.Release|Any CPU.ActiveCfg = Release|Any CPU
		{1B474739-EAEA-466A-B099-F28D0C1D10F7}.Release|Any CPU.Build.0 = Release|Any CPU
		{5A7514E2-D0D0-4274-9205-06360D4E67B6}.Debug|Any CPU.ActiveCfg = Debug|Any CPU
		{5A7514E2-D0D0-4274-9205-06360D4E67B6}.Debug|Any CPU.Build.0 = Debug|Any CPU
		{5A7514E2-D0D0-4274-9205-06360D4E67B6}.Release|Any CPU.ActiveCfg = Release|Any CPU
		{5A7514E2-D0D0-4274-9205-06360D4E67B6}.Release|Any CPU.Build.0 = Release|Any CPU
		{AF4F0418-B1B5-4597-91EE-701BCC39DAEB}.Debug|Any CPU.ActiveCfg = Debug|Any CPU
		{AF4F0418-B1B5-4597-91EE-701BCC39DAEB}.Debug|Any CPU.Build.0 = Debug|Any CPU
		{AF4F0418-B1B5-4597-91EE-701BCC39DAEB}.Release|Any CPU.ActiveCfg = Release|Any CPU
		{AF4F0418-B1B5-4597-91EE-701BCC39DAEB}.Release|Any CPU.Build.0 = Release|Any CPU
		{BDFA4349-8FF7-4D1C-B806-B07E3A482418}.Debug|Any CPU.ActiveCfg = Debug|Any CPU
		{BDFA4349-8FF7-4D1C-B806-B07E3A482418}.Debug|Any CPU.Build.0 = Debug|Any CPU
		{BDFA4349-8FF7-4D1C-B806-B07E3A482418}.Release|Any CPU.ActiveCfg = Release|Any CPU
		{BDFA4349-8FF7-4D1C-B806-B07E3A482418}.Release|Any CPU.Build.0 = Release|Any CPU
	EndGlobalSection
	GlobalSection(SolutionProperties) = preSolution
		HideSolutionNode = FALSE
	EndGlobalSection
	GlobalSection(ExtensibilityGlobals) = postSolution
		SolutionGuid = {F27364DB-5855-494D-918E-370B6A3C8ED2}
	EndGlobalSection
EndGlobal
